
Microsoft Visual Studio Solution File, Format Version 12.00
# Visual Studio 2015
Project("{FAE04EC0-301F-11D3-BF4B-00C04F79EFBC}") = "UnityUIStudy", "UnityUIStudy.csproj", "{1BF686A3-E7BD-D57E-43EC-8C8BB88F9D67}"
EndProject
Project("{FAE04EC0-301F-11D3-BF4B-00C04F79EFBC}") = "UnityUIStudy.Editor", "UnityUIStudy.Editor.csproj", "{F8586EEC-300B-513A-CA3B-09BCFBE14DF1}"
EndProject
Global
	GlobalSection(SolutionConfigurationPlatforms) = preSolution
		Debug|Any CPU = Debug|Any CPU
		Release|Any CPU = Release|Any CPU
	EndGlobalSection
	GlobalSection(ProjectConfigurationPlatforms) = postSolution
		{1BF686A3-E7BD-D57E-43EC-8C8BB88F9D67}.Debug|Any CPU.ActiveCfg = Debug|Any CPU
		{1BF686A3-E7BD-D57E-43EC-8C8BB88F9D67}.Debug|Any CPU.Build.0 = Debug|Any CPU
		{1BF686A3-E7BD-D57E-43EC-8C8BB88F9D67}.Release|Any CPU.ActiveCfg = Release|Any CPU
		{1BF686A3-E7BD-D57E-43EC-8C8BB88F9D67}.Release|Any CPU.Build.0 = Release|Any CPU
		{F8586EEC-300B-513A-CA3B-09BCFBE14DF1}.Debug|Any CPU.ActiveCfg = Debug|Any CPU
		{F8586EEC-300B-513A-CA3B-09BCFBE14DF1}.Debug|Any CPU.Build.0 = Debug|Any CPU
		{F8586EEC-300B-513A-CA3B-09BCFBE14DF1}.Release|Any CPU.ActiveCfg = Release|Any CPU
		{F8586EEC-300B-513A-CA3B-09BCFBE14DF1}.Release|Any CPU.Build.0 = Release|Any CPU
	EndGlobalSection
	GlobalSection(SolutionProperties) = preSolution
		HideSolutionNode = FALSE
	EndGlobalSection
EndGlobal
